
Microsoft Visual Studio Solution File, Format Version 12.00
# Visual Studio Version 17
VisualStudioVersion = 17.14.36408.4
MinimumVisualStudioVersion = 10.0.40219.1
Project("{2150E333-8FDC-42A3-9474-1A3956D46DE8}") = "src", "src", "{827E0CD3-B72D-47B6-A68D-7590B98EB39B}"
EndProject
Project("{2150E333-8FDC-42A3-9474-1A3956D46DE8}") = "tests", "tests", "{A1B2C3D4-E5F6-7890-ABCD-EF1234567890}"
EndProject
Project("{FAE04EC0-301F-11D3-BF4B-00C04F79EFBC}") = "Domain", "src\Domain\Domain.csproj", "{5ADF4E33-6617-4871-A604-8A12FA724791}"
EndProject
Project("{FAE04EC0-301F-11D3-BF4B-00C04F79EFBC}") = "Application", "src\Application\Application.csproj", "{9ECE846C-551C-434C-B2B3-5F5136342076}"
EndProject
Project("{FAE04EC0-301F-11D3-BF4B-00C04F79EFBC}") = "Infrastructure", "src\Infrastructure\Infrastructure.csproj", "{BEDE81F3-FA92-4AC7-988D-71EFB6331348}"
EndProject
Project("{FAE04EC0-301F-11D3-BF4B-00C04F79EFBC}") = "API", "src\API\API.csproj", "{CD31A6A4-BD41-4389-BA6A-BFFAD7784C9D}"
EndProject
Project("{FAE04EC0-301F-11D3-BF4B-00C04F79EFBC}") = "API.Tests", "tests\API.Tests\API.Tests.csproj", "{20337B00-0D1E-4496-8FF7-2090AC4B1F33}"
EndProject
Project("{FAE04EC0-301F-11D3-BF4B-00C04F79EFBC}") = "Application.Tests", "tests\Application.Tests\Application.Tests.csproj", "{3B60697B-A237-400E-8C7C-BFC930437068}"
EndProject
Project("{FAE04EC0-301F-11D3-BF4B-00C04F79EFBC}") = "Infrastructure.Tests", "tests\Infrastructure.Tests\Infrastructure.Tests.csproj", "{1AF1BCCF-5714-4C8E-9628-4019070F8C0E}"
EndProject
Global
	GlobalSection(SolutionConfigurationPlatforms) = preSolution
		Debug|Any CPU = Debug|Any CPU
		Debug|x64 = Debug|x64
		Debug|x86 = Debug|x86
		Release|Any CPU = Release|Any CPU
		Release|x64 = Release|x64
		Release|x86 = Release|x86
	EndGlobalSection
	GlobalSection(ProjectConfigurationPlatforms) = postSolution
		{5ADF4E33-6617-4871-A604-8A12FA724791}.Debug|Any CPU.ActiveCfg = Debug|Any CPU
		{5ADF4E33-6617-4871-A604-8A12FA724791}.Debug|Any CPU.Build.0 = Debug|Any CPU
		{5ADF4E33-6617-4871-A604-8A12FA724791}.Debug|x64.ActiveCfg = Debug|Any CPU
		{5ADF4E33-6617-4871-A604-8A12FA724791}.Debug|x64.Build.0 = Debug|Any CPU
		{5ADF4E33-6617-4871-A604-8A12FA724791}.Debug|x86.ActiveCfg = Debug|Any CPU
		{5ADF4E33-6617-4871-A604-8A12FA724791}.Debug|x86.Build.0 = Debug|Any CPU
		{5ADF4E33-6617-4871-A604-8A12FA724791}.Release|Any CPU.ActiveCfg = Release|Any CPU
		{5ADF4E33-6617-4871-A604-8A12FA724791}.Release|Any CPU.Build.0 = Release|Any CPU
		{5ADF4E33-6617-4871-A604-8A12FA724791}.Release|x64.ActiveCfg = Release|Any CPU
		{5ADF4E33-6617-4871-A604-8A12FA724791}.Release|x64.Build.0 = Release|Any CPU
		{5ADF4E33-6617-4871-A604-8A12FA724791}.Release|x86.ActiveCfg = Release|Any CPU
		{5ADF4E33-6617-4871-A604-8A12FA724791}.Release|x86.Build.0 = Release|Any CPU
		{9ECE846C-551C-434C-B2B3-5F5136342076}.Debug|Any CPU.ActiveCfg = Debug|Any CPU
		{9ECE846C-551C-434C-B2B3-5F5136342076}.Debug|Any CPU.Build.0 = Debug|Any CPU
		{9ECE846C-551C-434C-B2B3-5F5136342076}.Debug|x64.ActiveCfg = Debug|Any CPU
		{9ECE846C-551C-434C-B2B3-5F5136342076}.Debug|x64.Build.0 = Debug|Any CPU
		{9ECE846C-551C-434C-B2B3-5F5136342076}.Debug|x86.ActiveCfg = Debug|Any CPU
		{9ECE846C-551C-434C-B2B3-5F5136342076}.Debug|x86.Build.0 = Debug|Any CPU
		{9ECE846C-551C-434C-B2B3-5F5136342076}.Release|Any CPU.ActiveCfg = Release|Any CPU
		{9ECE846C-551C-434C-B2B3-5F5136342076}.Release|Any CPU.Build.0 = Release|Any CPU
		{9ECE846C-551C-434C-B2B3-5F5136342076}.Release|x64.ActiveCfg = Release|Any CPU
		{9ECE846C-551C-434C-B2B3-5F5136342076}.Release|x64.Build.0 = Release|Any CPU
		{9ECE846C-551C-434C-B2B3-5F5136342076}.Release|x86.ActiveCfg = Release|Any CPU
		{9ECE846C-551C-434C-B2B3-5F5136342076}.Release|x86.Build.0 = Release|Any CPU
		{BEDE81F3-FA92-4AC7-988D-71EFB6331348}.Debug|Any CPU.ActiveCfg = Debug|Any CPU
		{BEDE81F3-FA92-4AC7-988D-71EFB6331348}.Debug|Any CPU.Build.0 = Debug|Any CPU
		{BEDE81F3-FA92-4AC7-988D-71EFB6331348}.Debug|x64.ActiveCfg = Debug|Any CPU
		{BEDE81F3-FA92-4AC7-988D-71EFB6331348}.Debug|x64.Build.0 = Debug|Any CPU
		{BEDE81F3-FA92-4AC7-988D-71EFB6331348}.Debug|x86.ActiveCfg = Debug|Any CPU
		{BEDE81F3-FA92-4AC7-988D-71EFB6331348}.Debug|x86.Build.0 = Debug|Any CPU
		{BEDE81F3-FA92-4AC7-988D-71EFB6331348}.Release|Any CPU.ActiveCfg = Release|Any CPU
		{BEDE81F3-FA92-4AC7-988D-71EFB6331348}.Release|Any CPU.Build.0 = Release|Any CPU
		{BEDE81F3-FA92-4AC7-988D-71EFB6331348}.Release|x64.ActiveCfg = Release|Any CPU
		{BEDE81F3-FA92-4AC7-988D-71EFB6331348}.Release|x64.Build.0 = Release|Any CPU
		{BEDE81F3-FA92-4AC7-988D-71EFB6331348}.Release|x86.ActiveCfg = Release|Any CPU
		{BEDE81F3-FA92-4AC7-988D-71EFB6331348}.Release|x86.Build.0 = Release|Any CPU
		{CD31A6A4-BD41-4389-BA6A-BFFAD7784C9D}.Debug|Any CPU.ActiveCfg = Debug|Any CPU
		{CD31A6A4-BD41-4389-BA6A-BFFAD7784C9D}.Debug|Any CPU.Build.0 = Debug|Any CPU
		{CD31A6A4-BD41-4389-BA6A-BFFAD7784C9D}.Debug|x64.ActiveCfg = Debug|Any CPU
		{CD31A6A4-BD41-4389-BA6A-BFFAD7784C9D}.Debug|x64.Build.0 = Debug|Any CPU
		{CD31A6A4-BD41-4389-BA6A-BFFAD7784C9D}.Debug|x86.ActiveCfg = Debug|Any CPU
		{CD31A6A4-BD41-4389-BA6A-BFFAD7784C9D}.Debug|x86.Build.0 = Debug|Any CPU
		{CD31A6A4-BD41-4389-BA6A-BFFAD7784C9D}.Release|Any CPU.ActiveCfg = Release|Any CPU
		{CD31A6A4-BD41-4389-BA6A-BFFAD7784C9D}.Release|Any CPU.Build.0 = Release|Any CPU
		{CD31A6A4-BD41-4389-BA6A-BFFAD7784C9D}.Release|x64.ActiveCfg = Release|Any CPU
		{CD31A6A4-BD41-4389-BA6A-BFFAD7784C9D}.Release|x64.Build.0 = Release|Any CPU
		{CD31A6A4-BD41-4389-BA6A-BFFAD7784C9D}.Release|x86.ActiveCfg = Release|Any CPU
		{CD31A6A4-BD41-4389-BA6A-BFFAD7784C9D}.Release|x86.Build.0 = Release|Any CPU
		{20337B00-0D1E-4496-8FF7-2090AC4B1F33}.Debug|Any CPU.ActiveCfg = Debug|Any CPU
		{20337B00-0D1E-4496-8FF7-2090AC4B1F33}.Debug|Any CPU.Build.0 = Debug|Any CPU
		{20337B00-0D1E-4496-8FF7-2090AC4B1F33}.Debug|x64.ActiveCfg = Debug|Any CPU
		{20337B00-0D1E-4496-8FF7-2090AC4B1F33}.Debug|x64.Build.0 = Debug|Any CPU
		{20337B00-0D1E-4496-8FF7-2090AC4B1F33}.Debug|x86.ActiveCfg = Debug|Any CPU
		{20337B00-0D1E-4496-8FF7-2090AC4B1F33}.Debug|x86.Build.0 = Debug|Any CPU
		{20337B00-0D1E-4496-8FF7-2090AC4B1F33}.Release|Any CPU.ActiveCfg = Release|Any CPU
		{20337B00-0D1E-4496-8FF7-2090AC4B1F33}.Release|Any CPU.Build.0 = Release|Any CPU
		{20337B00-0D1E-4496-8FF7-2090AC4B1F33}.Release|x64.ActiveCfg = Release|Any CPU
		{20337B00-0D1E-4496-8FF7-2090AC4B1F33}.Release|x64.Build.0 = Release|Any CPU
		{20337B00-0D1E-4496-8FF7-2090AC4B1F33}.Release|x86.ActiveCfg = Release|Any CPU
		{20337B00-0D1E-4496-8FF7-2090AC4B1F33}.Release|x86.Build.0 = Release|Any CPU
		{3B60697B-A237-400E-8C7C-BFC930437068}.Debug|Any CPU.ActiveCfg = Debug|Any CPU
		{3B60697B-A237-400E-8C7C-BFC930437068}.Debug|Any CPU.Build.0 = Debug|Any CPU
		{3B60697B-A237-400E-8C7C-BFC930437068}.Debug|x64.ActiveCfg = Debug|Any CPU
		{3B60697B-A237-400E-8C7C-BFC930437068}.Debug|x64.Build.0 = Debug|Any CPU
		{3B60697B-A237-400E-8C7C-BFC930437068}.Debug|x86.ActiveCfg = Debug|Any CPU
		{3B60697B-A237-400E-8C7C-BFC930437068}.Debug|x86.Build.0 = Debug|Any CPU
		{3B60697B-A237-400E-8C7C-BFC930437068}.Release|Any CPU.ActiveCfg = Release|Any CPU
		{3B60697B-A237-400E-8C7C-BFC930437068}.Release|Any CPU.Build.0 = Release|Any CPU
		{3B60697B-A237-400E-8C7C-BFC930437068}.Release|x64.ActiveCfg = Release|Any CPU
		{3B60697B-A237-400E-8C7C-BFC930437068}.Release|x64.Build.0 = Release|Any CPU
		{3B60697B-A237-400E-8C7C-BFC930437068}.Release|x86.ActiveCfg = Release|Any CPU
		{3B60697B-A237-400E-8C7C-BFC930437068}.Release|x86.Build.0 = Release|Any CPU
		{1AF1BCCF-5714-4C8E-9628-4019070F8C0E}.Debug|Any CPU.ActiveCfg = Debug|Any CPU
		{1AF1BCCF-5714-4C8E-9628-4019070F8C0E}.Debug|Any CPU.Build.0 = Debug|Any CPU
		{1AF1BCCF-5714-4C8E-9628-4019070F8C0E}.Debug|x64.ActiveCfg = Debug|Any CPU
		{1AF1BCCF-5714-4C8E-9628-4019070F8C0E}.Debug|x64.Build.0 = Debug|Any CPU
		{1AF1BCCF-5714-4C8E-9628-4019070F8C0E}.Debug|x86.ActiveCfg = Debug|Any CPU
		{1AF1BCCF-5714-4C8E-9628-4019070F8C0E}.Debug|x86.Build.0 = Debug|Any CPU
		{1AF1BCCF-5714-4C8E-9628-4019070F8C0E}.Release|Any CPU.ActiveCfg = Release|Any CPU
		{1AF1BCCF-5714-4C8E-9628-4019070F8C0E}.Release|Any CPU.Build.0 = Release|Any CPU
		{1AF1BCCF-5714-4C8E-9628-4019070F8C0E}.Release|x64.ActiveCfg = Release|Any CPU
		{1AF1BCCF-5714-4C8E-9628-4019070F8C0E}.Release|x64.Build.0 = Release|Any CPU
		{1AF1BCCF-5714-4C8E-9628-4019070F8C0E}.Release|x86.ActiveCfg = Release|Any CPU
		{1AF1BCCF-5714-4C8E-9628-4019070F8C0E}.Release|x86.Build.0 = Release|Any CPU
	EndGlobalSection
	GlobalSection(SolutionProperties) = preSolution
		HideSolutionNode = FALSE
	EndGlobalSection
	GlobalSection(NestedProjects) = preSolution
		{5ADF4E33-6617-4871-A604-8A12FA724791} = {827E0CD3-B72D-47B6-A68D-7590B98EB39B}
		{9ECE846C-551C-434C-B2B3-5F5136342076} = {827E0CD3-B72D-47B6-A68D-7590B98EB39B}
		{BEDE81F3-FA92-4AC7-988D-71EFB6331348} = {827E0CD3-B72D-47B6-A68D-7590B98EB39B}
		{CD31A6A4-BD41-4389-BA6A-BFFAD7784C9D} = {827E0CD3-B72D-47B6-A68D-7590B98EB39B}
		{20337B00-0D1E-4496-8FF7-2090AC4B1F33} = {A1B2C3D4-E5F6-7890-ABCD-EF1234567890}
		{3B60697B-A237-400E-8C7C-BFC930437068} = {A1B2C3D4-E5F6-7890-ABCD-EF1234567890}
		{1AF1BCCF-5714-4C8E-9628-4019070F8C0E} = {A1B2C3D4-E5F6-7890-ABCD-EF1234567890}
	EndGlobalSection
	GlobalSection(ExtensibilityGlobals) = postSolution
		SolutionGuid = {E669E559-3DC0-451F-99C5-C30DF4533C65}
	EndGlobalSection
EndGlobal
